<?xml version="1.0" encoding="utf-8"?>
<Project ToolsVersion="4.0" xmlns="http://schemas.microsoft.com/developer/msbuild/2003">
  <ItemGroup>
    <Filter Include="Pannels">
      <UniqueIdentifier>{D6933BFC-4273-BA97-4B8B-456EB7E920F9}</UniqueIdentifier>
    </Filter>
  </ItemGroup>
  <ItemGroup>
    <ClInclude Include="source\Aquarius.h" />
    <ClInclude Include="source\LyraEditor.h" />
    <ClInclude Include="source\LyraPCH.h" />
    <ClInclude Include="source\Pannels\LyraContentBrowser.h">
      <Filter>Pannels</Filter>
    </ClInclude>
    <ClInclude Include="source\Pannels\LyraSceneHierarchy.h">
      <Filter>Pannels</Filter>
    </ClInclude>
  </ItemGroup>
  <ItemGroup>
    <ClCompile Include="source\Lyra.cpp" />
    <ClCompile Include="source\LyraEditor.cpp" />
    <ClCompile Include="source\LyraPCH.cpp" />
    <ClCompile Include="source\Pannels\LyraContentBrowser.cpp">
      <Filter>Pannels</Filter>
    </ClCompile>
    <ClCompile Include="source\Pannels\LyraSceneHierarchy.cpp">
      <Filter>Pannels</Filter>
    </ClCompile>
  </ItemGroup>
</Project>